{
  "name": "wetherspoons-lib",
  "version": "1.0.0",
  "lockfileVersion": 3,
  "requires": true,
  "packages": {
    "": {
      "name": "wetherspoons-lib",
      "version": "1.0.0",
      "license": "UNLICENSED",
      "dependencies": {
        "zod": "^3.25.20"
      },
      "devDependencies": {
        "typescript": "^4.7.4"
      }
    },
    "node_modules/typescript": {
      "version": "4.9.5",
      "dev": true,
      "license": "Apache-2.0",
      "bin": {
        "tsc": "bin/tsc",
        "tsserver": "bin/tsserver"
      },
      "engines": {
        "node": ">=4.2.0"
      }
    },
    "node_modules/zod": {
      "version": "3.25.20",
      "resolved": "https://registry.npmjs.org/zod/-/zod-3.25.20.tgz",
      "integrity": "sha512-z03fqpTMDF1G02VLKUMt6vyACE7rNWkh3gpXVHgPTw28NPtDFRGvcpTtPwn2kMKtQ0idtYJUTxchytmnqYswcw==",
      "license": "MIT",
      "funding": {
        "url": "https://github.com/sponsors/colinhacks"
      }
    }
  }
}
